
Microsoft Visual Studio Solution File, Format Version 12.00
# Visual Studio Version 16
VisualStudioVersion = 16.0.29609.76
MinimumVisualStudioVersion = 10.0.40219.1
Project("{FAE04EC0-301F-11D3-BF4B-00C04F79EFBC}") = "GradeExplorer", "GradeExplorer.csproj", "{1005FD24-80D7-44F3-A482-112A25A82F54}"
EndProject
Global
	GlobalSection(SolutionConfigurationPlatforms) = preSolution
		Debug|Any CPU = Debug|Any CPU
		Release|Any CPU = Release|Any CPU
	EndGlobalSection
	GlobalSection(ProjectConfigurationPlatforms) = postSolution
		{1005FD24-80D7-44F3-A482-112A25A82F54}.Debug|Any CPU.ActiveCfg = Debug|Any CPU
		{1005FD24-80D7-44F3-A482-112A25A82F54}.Debug|Any CPU.Build.0 = Debug|Any CPU
		{1005FD24-80D7-44F3-A482-112A25A82F54}.Release|Any CPU.ActiveCfg = Release|Any CPU
		{1005FD24-80D7-44F3-A482-112A25A82F54}.Release|Any CPU.Build.0 = Release|Any CPU
	EndGlobalSection
	GlobalSection(SolutionProperties) = preSolution
		HideSolutionNode = FALSE
	EndGlobalSection
	GlobalSection(ExtensibilityGlobals) = postSolution
		SolutionGuid = {E8CF53FB-65DF-4188-80B2-26643DBACD3E}
	EndGlobalSection
EndGlobal
